
Microsoft Visual Studio Solution File, Format Version 12.00
# Visual Studio Version 17
VisualStudioVersion = 17.11.35303.130
MinimumVisualStudioVersion = 10.0.40219.1
Project("{FAE04EC0-301F-11D3-BF4B-00C04F79EFBC}") = "FizzBuzz", "FizzBuzz\FizzBuzz.csproj", "{F7E46E04-717C-4567-88B2-D922C5886D91}"
EndProject
Project("{FAE04EC0-301F-11D3-BF4B-00C04F79EFBC}") = "FizzBuzzTest", "FizzBuzzTest\FizzBuzzTest.csproj", "{CC9B8D77-5192-4C7A-9031-E462A10A47BF}"
EndProject
Global
	GlobalSection(SolutionConfigurationPlatforms) = preSolution
		Debug|Any CPU = Debug|Any CPU
		Release|Any CPU = Release|Any CPU
	EndGlobalSection
	GlobalSection(ProjectConfigurationPlatforms) = postSolution
		{F7E46E04-717C-4567-88B2-D922C5886D91}.Debug|Any CPU.ActiveCfg = Debug|Any CPU
		{F7E46E04-717C-4567-88B2-D922C5886D91}.Debug|Any CPU.Build.0 = Debug|Any CPU
		{F7E46E04-717C-4567-88B2-D922C5886D91}.Release|Any CPU.ActiveCfg = Release|Any CPU
		{F7E46E04-717C-4567-88B2-D922C5886D91}.Release|Any CPU.Build.0 = Release|Any CPU
		{CC9B8D77-5192-4C7A-9031-E462A10A47BF}.Debug|Any CPU.ActiveCfg = Debug|Any CPU
		{CC9B8D77-5192-4C7A-9031-E462A10A47BF}.Debug|Any CPU.Build.0 = Debug|Any CPU
		{CC9B8D77-5192-4C7A-9031-E462A10A47BF}.Release|Any CPU.ActiveCfg = Release|Any CPU
		{CC9B8D77-5192-4C7A-9031-E462A10A47BF}.Release|Any CPU.Build.0 = Release|Any CPU
	EndGlobalSection
	GlobalSection(SolutionProperties) = preSolution
		HideSolutionNode = FALSE
	EndGlobalSection
	GlobalSection(ExtensibilityGlobals) = postSolution
		SolutionGuid = {359C67D7-1ABC-4754-A6C8-ED45ACF4934B}
	EndGlobalSection
EndGlobal
